
Microsoft Visual Studio Solution File, Format Version 12.00
# Visual Studio 2013
VisualStudioVersion = 12.0.31101.0
MinimumVisualStudioVersion = 10.0.40219.1
Project("{FAE04EC0-301F-11D3-BF4B-00C04F79EFBC}") = "ContosoUniversity", "ContosoUniversity\ContosoUniversity.csproj", "{22ADD807-1D6D-49C1-A8D3-0D41C594B053}"
EndProject
Project("{2150E333-8FDC-42A3-9474-1A3956D46DE8}") = "PublishScripts", "PublishScripts", "{7600110C-F3FA-472F-8FFA-B8BD97E2DB87}"
	ProjectSection(SolutionItems) = preProject
		PublishScripts\AzureWebsitePublishModule.psm1 = PublishScripts\AzureWebsitePublishModule.psm1
		PublishScripts\Publish-WebApplicationWebsite.ps1 = PublishScripts\Publish-WebApplicationWebsite.ps1
	EndProjectSection
EndProject
Project("{2150E333-8FDC-42A3-9474-1A3956D46DE8}") = "Configurations", "Configurations", "{1B889202-41E1-450A-B7BF-8B7D90411038}"
	ProjectSection(SolutionItems) = preProject
		PublishScripts\Configurations\ContosoUniversity-WAWS-dev.json = PublishScripts\Configurations\ContosoUniversity-WAWS-dev.json
	EndProjectSection
EndProject
Global
	GlobalSection(SolutionConfigurationPlatforms) = preSolution
		Debug|Any CPU = Debug|Any CPU
		Release|Any CPU = Release|Any CPU
	EndGlobalSection
	GlobalSection(ProjectConfigurationPlatforms) = postSolution
		{22ADD807-1D6D-49C1-A8D3-0D41C594B053}.Debug|Any CPU.ActiveCfg = Debug|Any CPU
		{22ADD807-1D6D-49C1-A8D3-0D41C594B053}.Debug|Any CPU.Build.0 = Debug|Any CPU
		{22ADD807-1D6D-49C1-A8D3-0D41C594B053}.Release|Any CPU.ActiveCfg = Release|Any CPU
		{22ADD807-1D6D-49C1-A8D3-0D41C594B053}.Release|Any CPU.Build.0 = Release|Any CPU
	EndGlobalSection
	GlobalSection(SolutionProperties) = preSolution
		HideSolutionNode = FALSE
	EndGlobalSection
	GlobalSection(NestedProjects) = preSolution
		{1B889202-41E1-450A-B7BF-8B7D90411038} = {7600110C-F3FA-472F-8FFA-B8BD97E2DB87}
	EndGlobalSection
EndGlobal
